
Microsoft Visual Studio Solution File, Format Version 12.00
# Visual Studio 14
VisualStudioVersion = 14.0.24720.0
MinimumVisualStudioVersion = 10.0.40219.1
Project("{FAE04EC0-301F-11D3-BF4B-00C04F79EFBC}") = "Joernaal", "Joernaal\Joernaal.csproj", "{760BBC00-9DCA-4D90-A2C7-E76C646CE4A6}"
EndProject
Project("{FAE04EC0-301F-11D3-BF4B-00C04F79EFBC}") = "Joernaal.Core", "Joernaal.Core\Joernaal.Core.csproj", "{4724951F-DCAE-4150-86E3-B0F1B00A0E97}"
EndProject
Project("{FAE04EC0-301F-11D3-BF4B-00C04F79EFBC}") = "Joernaal.Core.UnitTests", "Joernaal.Core.UnitTests\Joernaal.Core.UnitTests.csproj", "{CD99A5EB-E160-4DDE-90F8-05917E4FDD00}"
EndProject
Global
	GlobalSection(SolutionConfigurationPlatforms) = preSolution
		Debug|Any CPU = Debug|Any CPU
		Release|Any CPU = Release|Any CPU
	EndGlobalSection
	GlobalSection(ProjectConfigurationPlatforms) = postSolution
		{760BBC00-9DCA-4D90-A2C7-E76C646CE4A6}.Debug|Any CPU.ActiveCfg = Debug|Any CPU
		{760BBC00-9DCA-4D90-A2C7-E76C646CE4A6}.Debug|Any CPU.Build.0 = Debug|Any CPU
		{760BBC00-9DCA-4D90-A2C7-E76C646CE4A6}.Release|Any CPU.ActiveCfg = Release|Any CPU
		{760BBC00-9DCA-4D90-A2C7-E76C646CE4A6}.Release|Any CPU.Build.0 = Release|Any CPU
		{4724951F-DCAE-4150-86E3-B0F1B00A0E97}.Debug|Any CPU.ActiveCfg = Debug|Any CPU
		{4724951F-DCAE-4150-86E3-B0F1B00A0E97}.Debug|Any CPU.Build.0 = Debug|Any CPU
		{4724951F-DCAE-4150-86E3-B0F1B00A0E97}.Release|Any CPU.ActiveCfg = Release|Any CPU
		{4724951F-DCAE-4150-86E3-B0F1B00A0E97}.Release|Any CPU.Build.0 = Release|Any CPU
		{CD99A5EB-E160-4DDE-90F8-05917E4FDD00}.Debug|Any CPU.ActiveCfg = Debug|Any CPU
		{CD99A5EB-E160-4DDE-90F8-05917E4FDD00}.Debug|Any CPU.Build.0 = Debug|Any CPU
		{CD99A5EB-E160-4DDE-90F8-05917E4FDD00}.Release|Any CPU.ActiveCfg = Release|Any CPU
		{CD99A5EB-E160-4DDE-90F8-05917E4FDD00}.Release|Any CPU.Build.0 = Release|Any CPU
	EndGlobalSection
	GlobalSection(SolutionProperties) = preSolution
		HideSolutionNode = FALSE
	EndGlobalSection
EndGlobal
